
Microsoft Visual Studio Solution File, Format Version 12.00
# Visual Studio Version 17
VisualStudioVersion = 17.1.31903.286
MinimumVisualStudioVersion = 10.0.40219.1
Project("{8BC9CEB8-8B4A-11D0-8D11-00A0C91BC942}") = "Exp1-10", "Exp1-10\Exp1-10.vcxproj", "{EF6AE95E-3411-4AC0-9891-F42351336CEB}"
EndProject
Global
	GlobalSection(SolutionConfigurationPlatforms) = preSolution
		Debug|x64 = Debug|x64
		Debug|x86 = Debug|x86
		Release|x64 = Release|x64
		Release|x86 = Release|x86
	EndGlobalSection
	GlobalSection(ProjectConfigurationPlatforms) = postSolution
		{EF6AE95E-3411-4AC0-9891-F42351336CEB}.Debug|x64.ActiveCfg = Debug|x64
		{EF6AE95E-3411-4AC0-9891-F42351336CEB}.Debug|x64.Build.0 = Debug|x64
		{EF6AE95E-3411-4AC0-9891-F42351336CEB}.Debug|x86.ActiveCfg = Debug|Win32
		{EF6AE95E-3411-4AC0-9891-F42351336CEB}.Debug|x86.Build.0 = Debug|Win32
		{EF6AE95E-3411-4AC0-9891-F42351336CEB}.Release|x64.ActiveCfg = Release|x64
		{EF6AE95E-3411-4AC0-9891-F42351336CEB}.Release|x64.Build.0 = Release|x64
		{EF6AE95E-3411-4AC0-9891-F42351336CEB}.Release|x86.ActiveCfg = Release|Win32
		{EF6AE95E-3411-4AC0-9891-F42351336CEB}.Release|x86.Build.0 = Release|Win32
	EndGlobalSection
	GlobalSection(SolutionProperties) = preSolution
		HideSolutionNode = FALSE
	EndGlobalSection
	GlobalSection(ExtensibilityGlobals) = postSolution
		SolutionGuid = {D603B43E-51D0-414C-A9E8-BD9A43C8E8F4}
	EndGlobalSection
EndGlobal
