
Microsoft Visual Studio Solution File, Format Version 12.00
# Visual Studio Version 17
VisualStudioVersion = 17.1.31903.286
MinimumVisualStudioVersion = 10.0.40219.1
Project("{8BC9CEB8-8B4A-11D0-8D11-00A0C91BC942}") = "net", "net\net.vcxproj", "{0A61543E-369C-4A10-BC02-2CAFA1740EB0}"
EndProject
Global
	GlobalSection(SolutionConfigurationPlatforms) = preSolution
		Debug|x64 = Debug|x64
		Debug|x86 = Debug|x86
		Release|x64 = Release|x64
		Release|x86 = Release|x86
	EndGlobalSection
	GlobalSection(ProjectConfigurationPlatforms) = postSolution
		{0A61543E-369C-4A10-BC02-2CAFA1740EB0}.Debug|x64.ActiveCfg = Debug|x64
		{0A61543E-369C-4A10-BC02-2CAFA1740EB0}.Debug|x64.Build.0 = Debug|x64
		{0A61543E-369C-4A10-BC02-2CAFA1740EB0}.Debug|x86.ActiveCfg = Debug|Win32
		{0A61543E-369C-4A10-BC02-2CAFA1740EB0}.Debug|x86.Build.0 = Debug|Win32
		{0A61543E-369C-4A10-BC02-2CAFA1740EB0}.Release|x64.ActiveCfg = Release|x64
		{0A61543E-369C-4A10-BC02-2CAFA1740EB0}.Release|x64.Build.0 = Release|x64
		{0A61543E-369C-4A10-BC02-2CAFA1740EB0}.Release|x86.ActiveCfg = Release|Win32
		{0A61543E-369C-4A10-BC02-2CAFA1740EB0}.Release|x86.Build.0 = Release|Win32
	EndGlobalSection
	GlobalSection(SolutionProperties) = preSolution
		HideSolutionNode = FALSE
	EndGlobalSection
	GlobalSection(ExtensibilityGlobals) = postSolution
		SolutionGuid = {49F46B36-7B84-4BE7-8860-64A0FA860FC7}
	EndGlobalSection
EndGlobal
